{
  "object": {
    "pins": [
      {
        "package": "Sentry",
        "repositoryURL": "https://github.com/getsentry/sentry-cocoa/",
        "state": {
          "branch": null,
          "revision": "11aee2d3efdd74db8ce51533118500d140210292",
          "version": "8.51.0"
        }
      }
    ]
  },
  "version": 1
}
