{
  "originHash" : "b85d7ccf7ccdd23744c5f69411978dd895e8545c680a7ffd7dff5c80c3dd6e74",
  "pins" : [
    {
      "identity" : "sentry-cocoa",
      "kind" : "remoteSourceControl",
      "location" : "https://github.com/getsentry/sentry-cocoa/",
      "state" : {
        "revision" : "11aee2d3efdd74db8ce51533118500d140210292",
        "version" : "8.51.0"
      }
    }
  ],
  "version" : 3
}
